
Microsoft Visual Studio Solution File, Format Version 12.00
# Visual Studio Version 16
VisualStudioVersion = 16.0.31005.135
MinimumVisualStudioVersion = 10.0.40219.1
Project("{FAE04EC0-301F-11D3-BF4B-00C04F79EFBC}") = "CommonWebAPI", "CommonWebAPI\CommonWebAPI.csproj", "{6CBDF06A-E858-4A9A-BB3D-12A9C5CC22A5}"
EndProject
Global
	GlobalSection(SolutionConfigurationPlatforms) = preSolution
		Debug|Any CPU = Debug|Any CPU
		Release|Any CPU = Release|Any CPU
	EndGlobalSection
	GlobalSection(ProjectConfigurationPlatforms) = postSolution
		{6CBDF06A-E858-4A9A-BB3D-12A9C5CC22A5}.Debug|Any CPU.ActiveCfg = Debug|Any CPU
		{6CBDF06A-E858-4A9A-BB3D-12A9C5CC22A5}.Debug|Any CPU.Build.0 = Debug|Any CPU
		{6CBDF06A-E858-4A9A-BB3D-12A9C5CC22A5}.Release|Any CPU.ActiveCfg = Release|Any CPU
		{6CBDF06A-E858-4A9A-BB3D-12A9C5CC22A5}.Release|Any CPU.Build.0 = Release|Any CPU
	EndGlobalSection
	GlobalSection(SolutionProperties) = preSolution
		HideSolutionNode = FALSE
	EndGlobalSection
	GlobalSection(ExtensibilityGlobals) = postSolution
		SolutionGuid = {BD432580-7006-4F2A-BFC7-4E8DB5FEB4DA}
	EndGlobalSection
EndGlobal
